{
  "lockfile_version": "1",
  "packages": {
    "air@latest": {
      "last_modified": "2025-02-07T11:26:36Z",
      "resolved": "github:NixOS/nixpkgs/d98abf5cf5914e5e4e9d57205e3af55ca90ffc1d#air",
      "source": "devbox-search",
      "version": "1.61.7",
      "systems": {
        "aarch64-darwin": {
          "outputs": [
            {
              "name": "out",
              "path": "/nix/store/gx1qp6p3za1i2kpaa4xs5f9gzv6j0x3j-air-1.61.7",
              "default": true
            }
          ],
          "store_path": "/nix/store/gx1qp6p3za1i2kpaa4xs5f9gzv6j0x3j-air-1.61.7"
        },
        "aarch64-linux": {
          "outputs": [
            {
              "name": "out",
              "path": "/nix/store/wgvrd0smr8b6z77agjlyb3kdjj337y6d-air-1.61.7",
              "default": true
            }
          ],
          "store_path": "/nix/store/wgvrd0smr8b6z77agjlyb3kdjj337y6d-air-1.61.7"
        },
        "x86_64-darwin": {
          "outputs": [
            {
              "name": "out",
              "path": "/nix/store/m5ijlvmbriwzzl8q6r8gc28vjygbn7zl-air-1.61.7",
              "default": true
            }
          ],
          "store_path": "/nix/store/m5ijlvmbriwzzl8q6r8gc28vjygbn7zl-air-1.61.7"
        },
        "x86_64-linux": {
          "outputs": [
            {
              "name": "out",
              "path": "/nix/store/b2g8n3ldz10hiyhrdf5l6zdfrbki4i5f-air-1.61.7",
              "default": true
            }
          ],
          "store_path": "/nix/store/b2g8n3ldz10hiyhrdf5l6zdfrbki4i5f-air-1.61.7"
        }
      }
    },
    "github:NixOS/nixpkgs/nixpkgs-unstable": {
      "resolved": "github:NixOS/nixpkgs/de0fe301211c267807afd11b12613f5511ff7433?lastModified=1741310760&narHash=sha256-aizILFrPgq%2FW53Jw8i0a1h1GZAAKtlYOrG%2FA5r46gVM%3D"
    },
    "gnumake@latest": {
      "last_modified": "2025-02-27T15:48:43Z",
      "resolved": "github:NixOS/nixpkgs/6c5c5f5100281f8f4ff23f13edd17d645178c87c#gnumake",
      "source": "devbox-search",
      "version": "4.4.1",
      "systems": {
        "aarch64-darwin": {
          "outputs": [
            {
              "name": "out",
              "path": "/nix/store/sbi3qw92i2lmm50agfl6hyys4ns5p1cb-gnumake-4.4.1",
              "default": true
            },
            {
              "name": "man",
              "path": "/nix/store/wy7f1yyfq701271vnrr2f5kzbq14ldwb-gnumake-4.4.1-man",
              "default": true
            },
            {
              "name": "info",
              "path": "/nix/store/hawnsgjd9lxxdwgbs3vmqf0074kdzzwg-gnumake-4.4.1-info"
            }
          ],
          "store_path": "/nix/store/sbi3qw92i2lmm50agfl6hyys4ns5p1cb-gnumake-4.4.1"
        },
        "aarch64-linux": {
          "outputs": [
            {
              "name": "out",
              "path": "/nix/store/1bpzdjww9yy9m3a1plxldg62wcjmk2xp-gnumake-4.4.1",
              "default": true
            },
            {
              "name": "man",
              "path": "/nix/store/08b54hn46qgaxb785f4a5xnglni14j09-gnumake-4.4.1-man",
              "default": true
            },
            {
              "name": "debug",
              "path": "/nix/store/gjdnyxla25610y0k3wkkzmp95agz4rbi-gnumake-4.4.1-debug"
            },
            {
              "name": "info",
              "path": "/nix/store/c9fxaq63vkxfry9nsqa64lnzdmb8xx6x-gnumake-4.4.1-info"
            }
          ],
          "store_path": "/nix/store/1bpzdjww9yy9m3a1plxldg62wcjmk2xp-gnumake-4.4.1"
        },
        "x86_64-darwin": {
          "outputs": [
            {
              "name": "out",
              "path": "/nix/store/phxnsrf7p9ydqy9rzm1b2hgifj0sq2jf-gnumake-4.4.1",
              "default": true
            },
            {
              "name": "man",
              "path": "/nix/store/4hxywqd01lg9llz89xhpnkvbhs7kviw9-gnumake-4.4.1-man",
              "default": true
            },
            {
              "name": "info",
              "path": "/nix/store/6svs2xnshx2hjl92mhknrw6b1j2fixj6-gnumake-4.4.1-info"
            }
          ],
          "store_path": "/nix/store/phxnsrf7p9ydqy9rzm1b2hgifj0sq2jf-gnumake-4.4.1"
        },
        "x86_64-linux": {
          "outputs": [
            {
              "name": "out",
              "path": "/nix/store/zi18rs3z305sn57biq8ahvfkcw17bkjm-gnumake-4.4.1",
              "default": true
            },
            {
              "name": "man",
              "path": "/nix/store/sa0chp0fw3101292x6a6jx8crbfsg7wi-gnumake-4.4.1-man",
              "default": true
            },
            {
              "name": "debug",
              "path": "/nix/store/6aaydvwwhb5jr7zk32xyyj9wyv4cwh4a-gnumake-4.4.1-debug"
            },
            {
              "name": "info",
              "path": "/nix/store/dm92ddr8j4hc7h5zqav0r7kpzkrwzlrx-gnumake-4.4.1-info"
            }
          ],
          "store_path": "/nix/store/zi18rs3z305sn57biq8ahvfkcw17bkjm-gnumake-4.4.1"
        }
      }
    },
    "go@latest": {
      "last_modified": "2025-02-12T00:10:52Z",
      "resolved": "github:NixOS/nixpkgs/83a2581c81ff5b06f7c1a4e7cc736a455dfcf7b4#go_1_24",
      "source": "devbox-search",
      "version": "1.24.0",
      "systems": {
        "aarch64-darwin": {
          "outputs": [
            {
              "name": "out",
              "path": "/nix/store/qldcnifalkvyah0wnv7m4zb854yd9l88-go-1.24.0",
              "default": true
            }
          ],
          "store_path": "/nix/store/qldcnifalkvyah0wnv7m4zb854yd9l88-go-1.24.0"
        },
        "aarch64-linux": {
          "outputs": [
            {
              "name": "out",
              "path": "/nix/store/rrxgml7w4pfmibjbspkdvrw8vd2vnarb-go-1.24.0",
              "default": true
            }
          ],
          "store_path": "/nix/store/rrxgml7w4pfmibjbspkdvrw8vd2vnarb-go-1.24.0"
        },
        "x86_64-darwin": {
          "outputs": [
            {
              "name": "out",
              "path": "/nix/store/7imv22pl4qrjwvi6jzlfb305rc2min45-go-1.24.0",
              "default": true
            }
          ],
          "store_path": "/nix/store/7imv22pl4qrjwvi6jzlfb305rc2min45-go-1.24.0"
        },
        "x86_64-linux": {
          "outputs": [
            {
              "name": "out",
              "path": "/nix/store/vh5d5bj1sljdhdypy80x1ydx2jx6rv2q-go-1.24.0",
              "default": true
            }
          ],
          "store_path": "/nix/store/vh5d5bj1sljdhdypy80x1ydx2jx6rv2q-go-1.24.0"
        }
      }
    }
  }
}
